
Microsoft Visual Studio Solution File, Format Version 12.00
# Visual Studio 15
VisualStudioVersion = 15.0.27130.2036
MinimumVisualStudioVersion = 10.0.40219.1
Project("{FAE04EC0-301F-11D3-BF4B-00C04F79EFBC}") = "Globomantics.BandAgent", "Globomantics.BandAgent\Globomantics.BandAgent.csproj", "{C681E7AA-AB65-4327-9597-BE9C05E89983}"
EndProject
Global
	GlobalSection(SolutionConfigurationPlatforms) = preSolution
		Debug|Any CPU = Debug|Any CPU
		Release|Any CPU = Release|Any CPU
	EndGlobalSection
	GlobalSection(ProjectConfigurationPlatforms) = postSolution
		{C681E7AA-AB65-4327-9597-BE9C05E89983}.Debug|Any CPU.ActiveCfg = Debug|Any CPU
		{C681E7AA-AB65-4327-9597-BE9C05E89983}.Debug|Any CPU.Build.0 = Debug|Any CPU
		{C681E7AA-AB65-4327-9597-BE9C05E89983}.Release|Any CPU.ActiveCfg = Release|Any CPU
		{C681E7AA-AB65-4327-9597-BE9C05E89983}.Release|Any CPU.Build.0 = Release|Any CPU
	EndGlobalSection
	GlobalSection(SolutionProperties) = preSolution
		HideSolutionNode = FALSE
	EndGlobalSection
	GlobalSection(ExtensibilityGlobals) = postSolution
		SolutionGuid = {2DC1BD98-A333-4CD1-AE40-C74131792663}
	EndGlobalSection
EndGlobal
