
Microsoft Visual Studio Solution File, Format Version 12.00
# Visual Studio Version 17
VisualStudioVersion = 17.4.33205.214
MinimumVisualStudioVersion = 10.0.40219.1
Project("{9A19103F-16F7-4668-BE54-9A1E7A4F7556}") = "BandAgent", "Globomantics.BandAgent\BandAgent.csproj", "{C681E7AA-AB65-4327-9597-BE9C05E89983}"
EndProject
Project("{9A19103F-16F7-4668-BE54-9A1E7A4F7556}") = "MessageProcessor", "Globomantics.MessageProcessor\MessageProcessor.csproj", "{8833D5A5-82FB-4EF2-BAFA-CC7D1CB68F08}"
EndProject
Global
	GlobalSection(SolutionConfigurationPlatforms) = preSolution
		Debug|Any CPU = Debug|Any CPU
		Release|Any CPU = Release|Any CPU
	EndGlobalSection
	GlobalSection(ProjectConfigurationPlatforms) = postSolution
		{C681E7AA-AB65-4327-9597-BE9C05E89983}.Debug|Any CPU.ActiveCfg = Debug|Any CPU
		{C681E7AA-AB65-4327-9597-BE9C05E89983}.Debug|Any CPU.Build.0 = Debug|Any CPU
		{C681E7AA-AB65-4327-9597-BE9C05E89983}.Release|Any CPU.ActiveCfg = Release|Any CPU
		{C681E7AA-AB65-4327-9597-BE9C05E89983}.Release|Any CPU.Build.0 = Release|Any CPU
		{8833D5A5-82FB-4EF2-BAFA-CC7D1CB68F08}.Debug|Any CPU.ActiveCfg = Debug|Any CPU
		{8833D5A5-82FB-4EF2-BAFA-CC7D1CB68F08}.Debug|Any CPU.Build.0 = Debug|Any CPU
		{8833D5A5-82FB-4EF2-BAFA-CC7D1CB68F08}.Release|Any CPU.ActiveCfg = Release|Any CPU
		{8833D5A5-82FB-4EF2-BAFA-CC7D1CB68F08}.Release|Any CPU.Build.0 = Release|Any CPU
	EndGlobalSection
	GlobalSection(SolutionProperties) = preSolution
		HideSolutionNode = FALSE
	EndGlobalSection
	GlobalSection(ExtensibilityGlobals) = postSolution
		SolutionGuid = {2DC1BD98-A333-4CD1-AE40-C74131792663}
	EndGlobalSection
EndGlobal
